
Microsoft Visual Studio Solution File, Format Version 12.00
# Visual Studio 2013
VisualStudioVersion = 12.0.21005.1
MinimumVisualStudioVersion = 10.0.40219.1
Project("{FAE04EC0-301F-11D3-BF4B-00C04F79EFBC}") = "DAL", "DAL\DAL.csproj", "{6AFF2AEC-C1D1-4DF9-AA4A-CAAA01F850D5}"
EndProject
Project("{E24C65DC-7377-472B-9ABA-BC803B73C61A}") = "DroidHashGPSMap", "http://localhost:2117", "{9F721796-25FB-4194-ADF3-B4D81504E473}"
	ProjectSection(WebsiteProperties) = preProject
		UseIISExpress = "true"
		TargetFrameworkMoniker = ".NETFramework,Version%3Dv4.0"
		Debug.AspNetCompiler.VirtualPath = "/localhost_2117"
		Debug.AspNetCompiler.PhysicalPath = "..\..\DroidHashGPSMap\"
		Debug.AspNetCompiler.TargetPath = "PrecompiledWeb\localhost_2117\"
		Debug.AspNetCompiler.Updateable = "true"
		Debug.AspNetCompiler.ForceOverwrite = "true"
		Debug.AspNetCompiler.FixedNames = "false"
		Debug.AspNetCompiler.Debug = "True"
		Release.AspNetCompiler.VirtualPath = "/localhost_2117"
		Release.AspNetCompiler.PhysicalPath = "..\..\DroidHashGPSMap\"
		Release.AspNetCompiler.TargetPath = "PrecompiledWeb\localhost_2117\"
		Release.AspNetCompiler.Updateable = "true"
		Release.AspNetCompiler.ForceOverwrite = "true"
		Release.AspNetCompiler.FixedNames = "false"
		Release.AspNetCompiler.Debug = "False"
		SlnRelativePath = "..\..\DroidHashGPSMap\"
	EndProjectSection
EndProject
Project("{00D1A9C2-B5F0-4AF3-8072-F6C62B433612}") = "DroidhashGPS", "DroidhashGPS\DroidhashGPS.sqlproj", "{A59391EF-5595-4CF9-BFC7-AEC6F0296766}"
EndProject
Global
	GlobalSection(SolutionConfigurationPlatforms) = preSolution
		Debug|Any CPU = Debug|Any CPU
		Debug|ARM = Debug|ARM
		Debug|x64 = Debug|x64
		Debug|x86 = Debug|x86
		Release|Any CPU = Release|Any CPU
		Release|ARM = Release|ARM
		Release|x64 = Release|x64
		Release|x86 = Release|x86
	EndGlobalSection
	GlobalSection(ProjectConfigurationPlatforms) = postSolution
		{6AFF2AEC-C1D1-4DF9-AA4A-CAAA01F850D5}.Debug|Any CPU.ActiveCfg = Debug|Any CPU
		{6AFF2AEC-C1D1-4DF9-AA4A-CAAA01F850D5}.Debug|Any CPU.Build.0 = Debug|Any CPU
		{6AFF2AEC-C1D1-4DF9-AA4A-CAAA01F850D5}.Debug|ARM.ActiveCfg = Debug|ARM
		{6AFF2AEC-C1D1-4DF9-AA4A-CAAA01F850D5}.Debug|ARM.Build.0 = Debug|ARM
		{6AFF2AEC-C1D1-4DF9-AA4A-CAAA01F850D5}.Debug|x64.ActiveCfg = Debug|x64
		{6AFF2AEC-C1D1-4DF9-AA4A-CAAA01F850D5}.Debug|x64.Build.0 = Debug|x64
		{6AFF2AEC-C1D1-4DF9-AA4A-CAAA01F850D5}.Debug|x86.ActiveCfg = Debug|x86
		{6AFF2AEC-C1D1-4DF9-AA4A-CAAA01F850D5}.Debug|x86.Build.0 = Debug|x86
		{6AFF2AEC-C1D1-4DF9-AA4A-CAAA01F850D5}.Release|Any CPU.ActiveCfg = Release|Any CPU
		{6AFF2AEC-C1D1-4DF9-AA4A-CAAA01F850D5}.Release|Any CPU.Build.0 = Release|Any CPU
		{6AFF2AEC-C1D1-4DF9-AA4A-CAAA01F850D5}.Release|ARM.ActiveCfg = Release|ARM
		{6AFF2AEC-C1D1-4DF9-AA4A-CAAA01F850D5}.Release|ARM.Build.0 = Release|ARM
		{6AFF2AEC-C1D1-4DF9-AA4A-CAAA01F850D5}.Release|x64.ActiveCfg = Release|x64
		{6AFF2AEC-C1D1-4DF9-AA4A-CAAA01F850D5}.Release|x64.Build.0 = Release|x64
		{6AFF2AEC-C1D1-4DF9-AA4A-CAAA01F850D5}.Release|x86.ActiveCfg = Release|x86
		{6AFF2AEC-C1D1-4DF9-AA4A-CAAA01F850D5}.Release|x86.Build.0 = Release|x86
		{9F721796-25FB-4194-ADF3-B4D81504E473}.Debug|Any CPU.ActiveCfg = Debug|Any CPU
		{9F721796-25FB-4194-ADF3-B4D81504E473}.Debug|Any CPU.Build.0 = Debug|Any CPU
		{9F721796-25FB-4194-ADF3-B4D81504E473}.Debug|ARM.ActiveCfg = Debug|Any CPU
		{9F721796-25FB-4194-ADF3-B4D81504E473}.Debug|x64.ActiveCfg = Debug|Any CPU
		{9F721796-25FB-4194-ADF3-B4D81504E473}.Debug|x86.ActiveCfg = Debug|Any CPU
		{9F721796-25FB-4194-ADF3-B4D81504E473}.Release|Any CPU.ActiveCfg = Debug|Any CPU
		{9F721796-25FB-4194-ADF3-B4D81504E473}.Release|Any CPU.Build.0 = Debug|Any CPU
		{9F721796-25FB-4194-ADF3-B4D81504E473}.Release|ARM.ActiveCfg = Debug|Any CPU
		{9F721796-25FB-4194-ADF3-B4D81504E473}.Release|x64.ActiveCfg = Debug|Any CPU
		{9F721796-25FB-4194-ADF3-B4D81504E473}.Release|x86.ActiveCfg = Debug|Any CPU
		{A59391EF-5595-4CF9-BFC7-AEC6F0296766}.Debug|Any CPU.ActiveCfg = Debug|Any CPU
		{A59391EF-5595-4CF9-BFC7-AEC6F0296766}.Debug|Any CPU.Build.0 = Debug|Any CPU
		{A59391EF-5595-4CF9-BFC7-AEC6F0296766}.Debug|Any CPU.Deploy.0 = Debug|Any CPU
		{A59391EF-5595-4CF9-BFC7-AEC6F0296766}.Debug|ARM.ActiveCfg = Debug|Any CPU
		{A59391EF-5595-4CF9-BFC7-AEC6F0296766}.Debug|x64.ActiveCfg = Debug|Any CPU
		{A59391EF-5595-4CF9-BFC7-AEC6F0296766}.Debug|x86.ActiveCfg = Debug|Any CPU
		{A59391EF-5595-4CF9-BFC7-AEC6F0296766}.Release|Any CPU.ActiveCfg = Release|Any CPU
		{A59391EF-5595-4CF9-BFC7-AEC6F0296766}.Release|Any CPU.Build.0 = Release|Any CPU
		{A59391EF-5595-4CF9-BFC7-AEC6F0296766}.Release|Any CPU.Deploy.0 = Release|Any CPU
		{A59391EF-5595-4CF9-BFC7-AEC6F0296766}.Release|ARM.ActiveCfg = Release|Any CPU
		{A59391EF-5595-4CF9-BFC7-AEC6F0296766}.Release|x64.ActiveCfg = Release|Any CPU
		{A59391EF-5595-4CF9-BFC7-AEC6F0296766}.Release|x86.ActiveCfg = Release|Any CPU
	EndGlobalSection
	GlobalSection(SolutionProperties) = preSolution
		HideSolutionNode = FALSE
	EndGlobalSection
EndGlobal
